
Microsoft Visual Studio Solution File, Format Version 12.00
# Visual Studio 15
VisualStudioVersion = 15.0.26730.16
MinimumVisualStudioVersion = 10.0.40219.1
Project("{F2A71F9B-5D33-465A-A702-920D77279786}") = "IO_Project_Example", "IO_Project_Example\IO_Project_Example.fsproj", "{C6A258F9-E249-40AF-9FE9-28DB9D4D047A}"
EndProject
Global
	GlobalSection(SolutionConfigurationPlatforms) = preSolution
		Debug|Any CPU = Debug|Any CPU
		Release|Any CPU = Release|Any CPU
	EndGlobalSection
	GlobalSection(ProjectConfigurationPlatforms) = postSolution
		{C6A258F9-E249-40AF-9FE9-28DB9D4D047A}.Debug|Any CPU.ActiveCfg = Debug|Any CPU
		{C6A258F9-E249-40AF-9FE9-28DB9D4D047A}.Debug|Any CPU.Build.0 = Debug|Any CPU
		{C6A258F9-E249-40AF-9FE9-28DB9D4D047A}.Release|Any CPU.ActiveCfg = Release|Any CPU
		{C6A258F9-E249-40AF-9FE9-28DB9D4D047A}.Release|Any CPU.Build.0 = Release|Any CPU
	EndGlobalSection
	GlobalSection(SolutionProperties) = preSolution
		HideSolutionNode = FALSE
	EndGlobalSection
	GlobalSection(ExtensibilityGlobals) = postSolution
		SolutionGuid = {B789BF2D-635E-413E-AE38-AE8343AF29FF}
	EndGlobalSection
EndGlobal
