
Microsoft Visual Studio Solution File, Format Version 12.00
# Visual Studio 15
VisualStudioVersion = 15.0.26730.16
MinimumVisualStudioVersion = 10.0.40219.1
Project("{F2A71F9B-5D33-465A-A702-920D77279786}") = "DataStructures_Project_Example", "DataStructures_Project_Example\DataStructures_Project_Example.fsproj", "{73538C94-5EF4-4B21-ABCB-8D085EF81442}"
EndProject
Global
	GlobalSection(SolutionConfigurationPlatforms) = preSolution
		Debug|Any CPU = Debug|Any CPU
		Release|Any CPU = Release|Any CPU
	EndGlobalSection
	GlobalSection(ProjectConfigurationPlatforms) = postSolution
		{73538C94-5EF4-4B21-ABCB-8D085EF81442}.Debug|Any CPU.ActiveCfg = Debug|Any CPU
		{73538C94-5EF4-4B21-ABCB-8D085EF81442}.Debug|Any CPU.Build.0 = Debug|Any CPU
		{73538C94-5EF4-4B21-ABCB-8D085EF81442}.Release|Any CPU.ActiveCfg = Release|Any CPU
		{73538C94-5EF4-4B21-ABCB-8D085EF81442}.Release|Any CPU.Build.0 = Release|Any CPU
	EndGlobalSection
	GlobalSection(SolutionProperties) = preSolution
		HideSolutionNode = FALSE
	EndGlobalSection
	GlobalSection(ExtensibilityGlobals) = postSolution
		SolutionGuid = {29F904EC-DA49-4945-8630-1A2A571A1BF0}
	EndGlobalSection
EndGlobal
